
Microsoft Visual Studio Solution File, Format Version 12.00
# Visual Studio 2013
VisualStudioVersion = 12.0.30501.0
MinimumVisualStudioVersion = 10.0.40219.1
Project("{2150E333-8FDC-42A3-9474-1A3956D46DE8}") = ".nuget", ".nuget", "{C1F5AA12-9F38-4475-833B-40DAAB107D89}"
	ProjectSection(SolutionItems) = preProject
		.nuget\NuGet.Config = .nuget\NuGet.Config
		.nuget\NuGet.exe = .nuget\NuGet.exe
		.nuget\NuGet.targets = .nuget\NuGet.targets
	EndProjectSection
EndProject
Project("{FAE04EC0-301F-11D3-BF4B-00C04F79EFBC}") = "Candy", "Candy\Candy.csproj", "{51D5CEC7-F007-4A98-9162-2BCD493C9BDE}"
EndProject
Project("{FAE04EC0-301F-11D3-BF4B-00C04F79EFBC}") = "Candy.Updater", "Candy.Updater\Candy.Updater.csproj", "{15B8C3EB-286F-45F9-9C39-7D39FBF77C8E}"
EndProject
Global
	GlobalSection(TeamFoundationVersionControl) = preSolution
		SccNumberOfProjects = 3
		SccEnterpriseProvider = {4CA58AB2-18FA-4F8D-95D4-32DDF27D184C}
		SccTeamFoundationServer = http://tkysva155:8080/tfs/defaultcollection
		SccLocalPath0 = .
		SccProjectUniqueName1 = Candy\\Candy.csproj
		SccProjectName1 = Candy
		SccLocalPath1 = Candy
		SccProjectUniqueName2 = Candy.Updater\\Candy.Updater.csproj
		SccProjectName2 = Candy.Updater
		SccLocalPath2 = Candy.Updater
	EndGlobalSection
	GlobalSection(SolutionConfigurationPlatforms) = preSolution
		Debug|Any CPU = Debug|Any CPU
		Release|Any CPU = Release|Any CPU
	EndGlobalSection
	GlobalSection(ProjectConfigurationPlatforms) = postSolution
		{51D5CEC7-F007-4A98-9162-2BCD493C9BDE}.Debug|Any CPU.ActiveCfg = Debug|Any CPU
		{51D5CEC7-F007-4A98-9162-2BCD493C9BDE}.Debug|Any CPU.Build.0 = Debug|Any CPU
		{51D5CEC7-F007-4A98-9162-2BCD493C9BDE}.Release|Any CPU.ActiveCfg = Release|Any CPU
		{51D5CEC7-F007-4A98-9162-2BCD493C9BDE}.Release|Any CPU.Build.0 = Release|Any CPU
		{15B8C3EB-286F-45F9-9C39-7D39FBF77C8E}.Debug|Any CPU.ActiveCfg = Debug|Any CPU
		{15B8C3EB-286F-45F9-9C39-7D39FBF77C8E}.Debug|Any CPU.Build.0 = Debug|Any CPU
		{15B8C3EB-286F-45F9-9C39-7D39FBF77C8E}.Release|Any CPU.ActiveCfg = Release|Any CPU
		{15B8C3EB-286F-45F9-9C39-7D39FBF77C8E}.Release|Any CPU.Build.0 = Release|Any CPU
	EndGlobalSection
	GlobalSection(SolutionProperties) = preSolution
		HideSolutionNode = FALSE
	EndGlobalSection
EndGlobal
